
Microsoft Visual Studio Solution File, Format Version 12.00
# Visual Studio 14
VisualStudioVersion = 14.0.24720.0
MinimumVisualStudioVersion = 10.0.40219.1
Project("{FAE04EC0-301F-11D3-BF4B-00C04F79EFBC}") = "MinCoinsSum", "MinCoinsSum\MinCoinsSum.csproj", "{B56FDFF2-3588-4225-906C-3F7C62E101B3}"
EndProject
Project("{FAE04EC0-301F-11D3-BF4B-00C04F79EFBC}") = "UnitTestProject1", "UnitTestProject1\UnitTestProject1.csproj", "{89405B0D-5B0C-4494-9CFA-58C24AF400DA}"
EndProject
Global
	GlobalSection(SolutionConfigurationPlatforms) = preSolution
		Debug|Any CPU = Debug|Any CPU
		Release|Any CPU = Release|Any CPU
	EndGlobalSection
	GlobalSection(ProjectConfigurationPlatforms) = postSolution
		{B56FDFF2-3588-4225-906C-3F7C62E101B3}.Debug|Any CPU.ActiveCfg = Debug|Any CPU
		{B56FDFF2-3588-4225-906C-3F7C62E101B3}.Debug|Any CPU.Build.0 = Debug|Any CPU
		{B56FDFF2-3588-4225-906C-3F7C62E101B3}.Release|Any CPU.ActiveCfg = Release|Any CPU
		{B56FDFF2-3588-4225-906C-3F7C62E101B3}.Release|Any CPU.Build.0 = Release|Any CPU
		{89405B0D-5B0C-4494-9CFA-58C24AF400DA}.Debug|Any CPU.ActiveCfg = Debug|Any CPU
		{89405B0D-5B0C-4494-9CFA-58C24AF400DA}.Debug|Any CPU.Build.0 = Debug|Any CPU
		{89405B0D-5B0C-4494-9CFA-58C24AF400DA}.Release|Any CPU.ActiveCfg = Release|Any CPU
		{89405B0D-5B0C-4494-9CFA-58C24AF400DA}.Release|Any CPU.Build.0 = Release|Any CPU
	EndGlobalSection
	GlobalSection(SolutionProperties) = preSolution
		HideSolutionNode = FALSE
	EndGlobalSection
EndGlobal
